Microsoft Visual Studio Solution File, Format Version 12.00
# Visual Studio Version 17
VisualStudioVersion = 17.5.2.0
MinimumVisualStudioVersion = 10.0.40219.1
Project("{FAE04EC0-301F-11D3-BF4B-00C04F79EFBC}") = "dsstats.worker", "dsstats.worker.csproj", "{AB7F143D-D9C6-AA25-5B24-AADF5E923E3A}"
EndProject
Global
	GlobalSection(SolutionConfigurationPlatforms) = preSolution
		Debug|Any CPU = Debug|Any CPU
		Release|Any CPU = Release|Any CPU
	EndGlobalSection
	GlobalSection(ProjectConfigurationPlatforms) = postSolution
		{AB7F143D-D9C6-AA25-5B24-AADF5E923E3A}.Debug|Any CPU.ActiveCfg = Debug|Any CPU
		{AB7F143D-D9C6-AA25-5B24-AADF5E923E3A}.Debug|Any CPU.Build.0 = Debug|Any CPU
		{AB7F143D-D9C6-AA25-5B24-AADF5E923E3A}.Release|Any CPU.ActiveCfg = Release|Any CPU
		{AB7F143D-D9C6-AA25-5B24-AADF5E923E3A}.Release|Any CPU.Build.0 = Release|Any CPU
	EndGlobalSection
	GlobalSection(SolutionProperties) = preSolution
		HideSolutionNode = FALSE
	EndGlobalSection
	GlobalSection(ExtensibilityGlobals) = postSolution
		SolutionGuid = {10022217-3D45-4DDC-A014-7B4E88984C93}
	EndGlobalSection
EndGlobal
