
Microsoft Visual Studio Solution File, Format Version 12.00
# Visual Studio Version 17
VisualStudioVersion = 17.5.002.0
MinimumVisualStudioVersion = 10.0.40219.1
Project("{9A19103F-16F7-4668-BE54-9A1E7A4F7556}") = "dsstats.worker", "dsstats.worker\dsstats.worker.csproj", "{ECBCA855-E9FF-4353-9CC6-CD4104F85169}"
EndProject
Project("{9A19103F-16F7-4668-BE54-9A1E7A4F7556}") = "dsstats.shared", "..\..\dsstats\src\dsstats.shared\dsstats.shared.csproj", "{DCF58906-4AC0-4F65-BAD9-08A5B8C4CE54}"
EndProject
Project("{9A19103F-16F7-4668-BE54-9A1E7A4F7556}") = "dsstats.db8", "..\..\dsstats\src\dsstats.db8\dsstats.db8.csproj", "{DBAD4E18-C761-4EDF-A3E4-4CCDAA9E2093}"
EndProject
Project("{9A19103F-16F7-4668-BE54-9A1E7A4F7556}") = "pax.dsstats.parser", "..\..\dsstats\src\dsstats.maui\pax.dsstats.parser\pax.dsstats.parser.csproj", "{38E705B7-518E-459C-AEF5-C083E553690F}"
EndProject
Project("{9A19103F-16F7-4668-BE54-9A1E7A4F7556}") = "SqliteMigrations", "..\..\dsstats\src\dsstats.maui\SqliteMigrations\SqliteMigrations.csproj", "{2DD96128-836A-475C-8668-C2B0FFEAEB67}"
EndProject
Global
	GlobalSection(SolutionConfigurationPlatforms) = preSolution
		Debug|Any CPU = Debug|Any CPU
		Release|Any CPU = Release|Any CPU
	EndGlobalSection
	GlobalSection(ProjectConfigurationPlatforms) = postSolution
		{ECBCA855-E9FF-4353-9CC6-CD4104F85169}.Debug|Any CPU.ActiveCfg = Debug|Any CPU
		{ECBCA855-E9FF-4353-9CC6-CD4104F85169}.Debug|Any CPU.Build.0 = Debug|Any CPU
		{ECBCA855-E9FF-4353-9CC6-CD4104F85169}.Release|Any CPU.ActiveCfg = Release|Any CPU
		{ECBCA855-E9FF-4353-9CC6-CD4104F85169}.Release|Any CPU.Build.0 = Release|Any CPU
		{DCF58906-4AC0-4F65-BAD9-08A5B8C4CE54}.Debug|Any CPU.ActiveCfg = Debug|Any CPU
		{DCF58906-4AC0-4F65-BAD9-08A5B8C4CE54}.Debug|Any CPU.Build.0 = Debug|Any CPU
		{DCF58906-4AC0-4F65-BAD9-08A5B8C4CE54}.Release|Any CPU.ActiveCfg = Release|Any CPU
		{DCF58906-4AC0-4F65-BAD9-08A5B8C4CE54}.Release|Any CPU.Build.0 = Release|Any CPU
		{DBAD4E18-C761-4EDF-A3E4-4CCDAA9E2093}.Debug|Any CPU.ActiveCfg = Debug|Any CPU
		{DBAD4E18-C761-4EDF-A3E4-4CCDAA9E2093}.Debug|Any CPU.Build.0 = Debug|Any CPU
		{DBAD4E18-C761-4EDF-A3E4-4CCDAA9E2093}.Release|Any CPU.ActiveCfg = Release|Any CPU
		{DBAD4E18-C761-4EDF-A3E4-4CCDAA9E2093}.Release|Any CPU.Build.0 = Release|Any CPU
		{38E705B7-518E-459C-AEF5-C083E553690F}.Debug|Any CPU.ActiveCfg = Debug|Any CPU
		{38E705B7-518E-459C-AEF5-C083E553690F}.Debug|Any CPU.Build.0 = Debug|Any CPU
		{38E705B7-518E-459C-AEF5-C083E553690F}.Release|Any CPU.ActiveCfg = Release|Any CPU
		{38E705B7-518E-459C-AEF5-C083E553690F}.Release|Any CPU.Build.0 = Release|Any CPU
		{2DD96128-836A-475C-8668-C2B0FFEAEB67}.Debug|Any CPU.ActiveCfg = Debug|Any CPU
		{2DD96128-836A-475C-8668-C2B0FFEAEB67}.Debug|Any CPU.Build.0 = Debug|Any CPU
		{2DD96128-836A-475C-8668-C2B0FFEAEB67}.Release|Any CPU.ActiveCfg = Release|Any CPU
		{2DD96128-836A-475C-8668-C2B0FFEAEB67}.Release|Any CPU.Build.0 = Release|Any CPU
	EndGlobalSection
	GlobalSection(SolutionProperties) = preSolution
		HideSolutionNode = FALSE
	EndGlobalSection
	GlobalSection(ExtensibilityGlobals) = postSolution
		SolutionGuid = {E2A761DD-FD1D-465A-B60C-51990CAAEA06}
	EndGlobalSection
EndGlobal
