
Microsoft Visual Studio Solution File, Format Version 12.00
# Visual Studio Version 17
VisualStudioVersion = 17.5.002.0
MinimumVisualStudioVersion = 10.0.40219.1
Project("{9A19103F-16F7-4668-BE54-9A1E7A4F7556}") = "dsstats.worker", "dsstats.worker\dsstats.worker.csproj", "{ECBCA855-E9FF-4353-9CC6-CD4104F85169}"
EndProject
Project("{9A19103F-16F7-4668-BE54-9A1E7A4F7556}") = "pax.dsstats.dbng", "pax.dsstats.dbng\pax.dsstats.dbng.csproj", "{D2C8B1B1-2FDD-4E09-9B1C-9D2BD5E5265E}"
EndProject
Project("{9A19103F-16F7-4668-BE54-9A1E7A4F7556}") = "pax.dsstats.parser", "pax.dsstats.parser\pax.dsstats.parser.csproj", "{C8023A15-3665-4CB7-A368-37ABAEE83912}"
EndProject
Project("{9A19103F-16F7-4668-BE54-9A1E7A4F7556}") = "pax.dsstats.shared", "pax.dsstats.shared\pax.dsstats.shared.csproj", "{7AEF3710-0CAC-45D7-8EFE-31E321E3A21D}"
EndProject
Project("{9A19103F-16F7-4668-BE54-9A1E7A4F7556}") = "SqliteMigrations", "SqliteMigrations\SqliteMigrations.csproj", "{C3A7C6EF-6632-4881-917F-4435F244D572}"
EndProject
Global
	GlobalSection(SolutionConfigurationPlatforms) = preSolution
		Debug|Any CPU = Debug|Any CPU
		Release|Any CPU = Release|Any CPU
	EndGlobalSection
	GlobalSection(ProjectConfigurationPlatforms) = postSolution
		{ECBCA855-E9FF-4353-9CC6-CD4104F85169}.Debug|Any CPU.ActiveCfg = Debug|Any CPU
		{ECBCA855-E9FF-4353-9CC6-CD4104F85169}.Debug|Any CPU.Build.0 = Debug|Any CPU
		{ECBCA855-E9FF-4353-9CC6-CD4104F85169}.Release|Any CPU.ActiveCfg = Release|Any CPU
		{ECBCA855-E9FF-4353-9CC6-CD4104F85169}.Release|Any CPU.Build.0 = Release|Any CPU
		{D2C8B1B1-2FDD-4E09-9B1C-9D2BD5E5265E}.Debug|Any CPU.ActiveCfg = Debug|Any CPU
		{D2C8B1B1-2FDD-4E09-9B1C-9D2BD5E5265E}.Debug|Any CPU.Build.0 = Debug|Any CPU
		{D2C8B1B1-2FDD-4E09-9B1C-9D2BD5E5265E}.Release|Any CPU.ActiveCfg = Release|Any CPU
		{D2C8B1B1-2FDD-4E09-9B1C-9D2BD5E5265E}.Release|Any CPU.Build.0 = Release|Any CPU
		{C8023A15-3665-4CB7-A368-37ABAEE83912}.Debug|Any CPU.ActiveCfg = Debug|Any CPU
		{C8023A15-3665-4CB7-A368-37ABAEE83912}.Debug|Any CPU.Build.0 = Debug|Any CPU
		{C8023A15-3665-4CB7-A368-37ABAEE83912}.Release|Any CPU.ActiveCfg = Release|Any CPU
		{C8023A15-3665-4CB7-A368-37ABAEE83912}.Release|Any CPU.Build.0 = Release|Any CPU
		{7AEF3710-0CAC-45D7-8EFE-31E321E3A21D}.Debug|Any CPU.ActiveCfg = Debug|Any CPU
		{7AEF3710-0CAC-45D7-8EFE-31E321E3A21D}.Debug|Any CPU.Build.0 = Debug|Any CPU
		{7AEF3710-0CAC-45D7-8EFE-31E321E3A21D}.Release|Any CPU.ActiveCfg = Release|Any CPU
		{7AEF3710-0CAC-45D7-8EFE-31E321E3A21D}.Release|Any CPU.Build.0 = Release|Any CPU
		{C3A7C6EF-6632-4881-917F-4435F244D572}.Debug|Any CPU.ActiveCfg = Debug|Any CPU
		{C3A7C6EF-6632-4881-917F-4435F244D572}.Debug|Any CPU.Build.0 = Debug|Any CPU
		{C3A7C6EF-6632-4881-917F-4435F244D572}.Release|Any CPU.ActiveCfg = Release|Any CPU
		{C3A7C6EF-6632-4881-917F-4435F244D572}.Release|Any CPU.Build.0 = Release|Any CPU
	EndGlobalSection
	GlobalSection(SolutionProperties) = preSolution
		HideSolutionNode = FALSE
	EndGlobalSection
	GlobalSection(ExtensibilityGlobals) = postSolution
		SolutionGuid = {E2A761DD-FD1D-465A-B60C-51990CAAEA06}
	EndGlobalSection
EndGlobal
